
Microsoft Visual Studio Solution File, Format Version 12.00
# Visual Studio 14
VisualStudioVersion = 14.0.25420.1
MinimumVisualStudioVersion = 10.0.40219.1
Project("{FAE04EC0-301F-11D3-BF4B-00C04F79EFBC}") = "ToDoList.Web", "ToDoList.Web\ToDoList.Web.csproj", "{45F4EF0D-E0F8-497A-A02B-4E4BD2064680}"
EndProject
Project("{FAE04EC0-301F-11D3-BF4B-00C04F79EFBC}") = "ToDoList.Web.Tests", "ToDoList.Web.Tests\ToDoList.Web.Tests.csproj", "{21A19D5B-8644-4535-A211-831C824F2021}"
EndProject
Project("{FAE04EC0-301F-11D3-BF4B-00C04F79EFBC}") = "ToDoList.Infrastructure", "ToDoList.Infrastructure\ToDoList.Infrastructure.csproj", "{62B1A0A0-8AFE-4EB7-AFE8-27D62506AB4B}"
EndProject
Project("{FAE04EC0-301F-11D3-BF4B-00C04F79EFBC}") = "ToDoList.Domain", "ToDoList.Domain\ToDoList.Domain.csproj", "{7B18575D-60D2-4310-81BC-FF8E22874358}"
EndProject
Project("{FAE04EC0-301F-11D3-BF4B-00C04F79EFBC}") = "ToDoList.Service", "ToDoList.Service\ToDoList.Service.csproj", "{093AFAF4-9B4A-4E5E-BBE8-529BB82A9674}"
EndProject
Global
	GlobalSection(SolutionConfigurationPlatforms) = preSolution
		Debug|Any CPU = Debug|Any CPU
		Release|Any CPU = Release|Any CPU
	EndGlobalSection
	GlobalSection(ProjectConfigurationPlatforms) = postSolution
		{45F4EF0D-E0F8-497A-A02B-4E4BD2064680}.Debug|Any CPU.ActiveCfg = Debug|Any CPU
		{45F4EF0D-E0F8-497A-A02B-4E4BD2064680}.Debug|Any CPU.Build.0 = Debug|Any CPU
		{45F4EF0D-E0F8-497A-A02B-4E4BD2064680}.Release|Any CPU.ActiveCfg = Release|Any CPU
		{45F4EF0D-E0F8-497A-A02B-4E4BD2064680}.Release|Any CPU.Build.0 = Release|Any CPU
		{21A19D5B-8644-4535-A211-831C824F2021}.Debug|Any CPU.ActiveCfg = Debug|Any CPU
		{21A19D5B-8644-4535-A211-831C824F2021}.Debug|Any CPU.Build.0 = Debug|Any CPU
		{21A19D5B-8644-4535-A211-831C824F2021}.Release|Any CPU.ActiveCfg = Release|Any CPU
		{21A19D5B-8644-4535-A211-831C824F2021}.Release|Any CPU.Build.0 = Release|Any CPU
		{62B1A0A0-8AFE-4EB7-AFE8-27D62506AB4B}.Debug|Any CPU.ActiveCfg = Debug|Any CPU
		{62B1A0A0-8AFE-4EB7-AFE8-27D62506AB4B}.Debug|Any CPU.Build.0 = Debug|Any CPU
		{62B1A0A0-8AFE-4EB7-AFE8-27D62506AB4B}.Release|Any CPU.ActiveCfg = Release|Any CPU
		{62B1A0A0-8AFE-4EB7-AFE8-27D62506AB4B}.Release|Any CPU.Build.0 = Release|Any CPU
		{7B18575D-60D2-4310-81BC-FF8E22874358}.Debug|Any CPU.ActiveCfg = Debug|Any CPU
		{7B18575D-60D2-4310-81BC-FF8E22874358}.Debug|Any CPU.Build.0 = Debug|Any CPU
		{7B18575D-60D2-4310-81BC-FF8E22874358}.Release|Any CPU.ActiveCfg = Release|Any CPU
		{7B18575D-60D2-4310-81BC-FF8E22874358}.Release|Any CPU.Build.0 = Release|Any CPU
		{093AFAF4-9B4A-4E5E-BBE8-529BB82A9674}.Debug|Any CPU.ActiveCfg = Debug|Any CPU
		{093AFAF4-9B4A-4E5E-BBE8-529BB82A9674}.Debug|Any CPU.Build.0 = Debug|Any CPU
		{093AFAF4-9B4A-4E5E-BBE8-529BB82A9674}.Release|Any CPU.ActiveCfg = Release|Any CPU
		{093AFAF4-9B4A-4E5E-BBE8-529BB82A9674}.Release|Any CPU.Build.0 = Release|Any CPU
	EndGlobalSection
	GlobalSection(SolutionProperties) = preSolution
		HideSolutionNode = FALSE
	EndGlobalSection
EndGlobal
